
Microsoft Visual Studio Solution File, Format Version 12.00
# Visual Studio Version 16
VisualStudioVersion = 16.0.32228.343
MinimumVisualStudioVersion = 10.0.40219.1
Project("{9A19103F-16F7-4668-BE54-9A1E7A4F7556}") = "Talos.API", "Talos.API.csproj", "{46750D6D-8543-4EFE-A821-4AA018269074}"
EndProject
Project("{9A19103F-16F7-4668-BE54-9A1E7A4F7556}") = "Models", "..\Models\Models.csproj", "{111851D4-5C35-4A6C-BEB0-ECDB229F19AF}"
EndProject
Project("{9A19103F-16F7-4668-BE54-9A1E7A4F7556}") = "Domain", "..\Domain\Domain.csproj", "{DEF2FDDC-F97E-4B2C-9BC7-DEE471704881}"
EndProject
Project("{FAE04EC0-301F-11D3-BF4B-00C04F79EFBC}") = "Talos.Tests", "..\Talos.Tests\Talos.Tests.csproj", "{8417035A-6C84-478F-BEDA-7D374D0F5CC8}"
EndProject
Global
	GlobalSection(SolutionConfigurationPlatforms) = preSolution
		Debug|Any CPU = Debug|Any CPU
		Release|Any CPU = Release|Any CPU
	EndGlobalSection
	GlobalSection(ProjectConfigurationPlatforms) = postSolution
		{46750D6D-8543-4EFE-A821-4AA018269074}.Debug|Any CPU.ActiveCfg = Debug|Any CPU
		{46750D6D-8543-4EFE-A821-4AA018269074}.Debug|Any CPU.Build.0 = Debug|Any CPU
		{46750D6D-8543-4EFE-A821-4AA018269074}.Release|Any CPU.ActiveCfg = Release|Any CPU
		{46750D6D-8543-4EFE-A821-4AA018269074}.Release|Any CPU.Build.0 = Release|Any CPU
		{111851D4-5C35-4A6C-BEB0-ECDB229F19AF}.Debug|Any CPU.ActiveCfg = Debug|Any CPU
		{111851D4-5C35-4A6C-BEB0-ECDB229F19AF}.Debug|Any CPU.Build.0 = Debug|Any CPU
		{111851D4-5C35-4A6C-BEB0-ECDB229F19AF}.Release|Any CPU.ActiveCfg = Release|Any CPU
		{111851D4-5C35-4A6C-BEB0-ECDB229F19AF}.Release|Any CPU.Build.0 = Release|Any CPU
		{DEF2FDDC-F97E-4B2C-9BC7-DEE471704881}.Debug|Any CPU.ActiveCfg = Debug|Any CPU
		{DEF2FDDC-F97E-4B2C-9BC7-DEE471704881}.Debug|Any CPU.Build.0 = Debug|Any CPU
		{DEF2FDDC-F97E-4B2C-9BC7-DEE471704881}.Release|Any CPU.ActiveCfg = Release|Any CPU
		{DEF2FDDC-F97E-4B2C-9BC7-DEE471704881}.Release|Any CPU.Build.0 = Release|Any CPU
		{8417035A-6C84-478F-BEDA-7D374D0F5CC8}.Debug|Any CPU.ActiveCfg = Debug|Any CPU
		{8417035A-6C84-478F-BEDA-7D374D0F5CC8}.Debug|Any CPU.Build.0 = Debug|Any CPU
		{8417035A-6C84-478F-BEDA-7D374D0F5CC8}.Release|Any CPU.ActiveCfg = Release|Any CPU
		{8417035A-6C84-478F-BEDA-7D374D0F5CC8}.Release|Any CPU.Build.0 = Release|Any CPU
	EndGlobalSection
	GlobalSection(SolutionProperties) = preSolution
		HideSolutionNode = FALSE
	EndGlobalSection
	GlobalSection(ExtensibilityGlobals) = postSolution
		SolutionGuid = {29CEA34C-A78F-453E-AC36-FBE83211522E}
	EndGlobalSection
EndGlobal
